// !$*UTF8*$!
{
	archiveVersion = 1;
	classes = {
	};
	objectVersion = 50;
	objects = {

/* Begin PBXBuildFile section */
		4E0CBC3C2488E9EF00D4577D /* Colors.xcassets in Resources */ = {isa = PBXBuildFile; fileRef = 4E0CBC3B2488E9EF00D4577D /* Colors.xcassets */; };
		4E0CBC3E2488EB3100D4577D /* Color+.swift in Sources */ = {isa = PBXBuildFile; fileRef = 4E0CBC3D2488EB3100D4577D /* Color+.swift */; };
		4E0CBC402488FCC900D4577D /* UIColor+.swift in Sources */ = {isa = PBXBuildFile; fileRef = 4E0CBC3F2488FCC900D4577D /* UIColor+.swift */; };
		4E377B1D248FB44100112FA3 /* Common.UI.ViewModifiers.IconOverlay.swift in Sources */ = {isa = PBXBuildFile; fileRef = 4E377B1C248FB44100112FA3 /* Common.UI.ViewModifiers.IconOverlay.swift */; };
		4E76658F2487AE0F00700E74 /* ResponderTextField.swift in Sources */ = {isa = PBXBuildFile; fileRef = 4E76658E2487AE0F00700E74 /* ResponderTextField.swift */; };
		4E84F27B24891A2500E66B11 /* ContentSizeCategoryPreview.swift in Sources */ = {isa = PBXBuildFile; fileRef = 4E84F27A24891A2500E66B11 /* ContentSizeCategoryPreview.swift */; };
		4E84F27D2489230600E66B11 /* DarkThemePreview.swift in Sources */ = {isa = PBXBuildFile; fileRef = 4E84F27C2489230600E66B11 /* DarkThemePreview.swift */; };
		4E84F27F2489234200E66B11 /* FontPreview.swift in Sources */ = {isa = PBXBuildFile; fileRef = 4E84F27E2489234200E66B11 /* FontPreview.swift */; };
		4E84F2812489238A00E66B11 /* LocalePreview.swift in Sources */ = {isa = PBXBuildFile; fileRef = 4E84F2802489238A00E66B11 /* LocalePreview.swift */; };
		4E84F283248923EA00E66B11 /* RightToLeftPreview.swift in Sources */ = {isa = PBXBuildFile; fileRef = 4E84F282248923EA00E66B11 /* RightToLeftPreview.swift */; };
		4E84F285248924D900E66B11 /* View+PreviewTemplates.swift in Sources */ = {isa = PBXBuildFile; fileRef = 4E84F284248924D900E66B11 /* View+PreviewTemplates.swift */; };
		C00258F52462D2BC00407AA1 /* RootView.swift in Sources */ = {isa = PBXBuildFile; fileRef = C00258F42462D2BC00407AA1 /* RootView.swift */; };
		C00258FE2462E74200407AA1 /* SignInView.swift in Sources */ = {isa = PBXBuildFile; fileRef = C00258FD2462E74200407AA1 /* SignInView.swift */; };
		C0052804247458A000E66057 /* Network.Common.Responses.AuthResponse.swift in Sources */ = {isa = PBXBuildFile; fileRef = C0052803247458A000E66057 /* Network.Common.Responses.AuthResponse.swift */; };
		C005280724745A1C00E66057 /* AppError.swift in Sources */ = {isa = PBXBuildFile; fileRef = C005280624745A1C00E66057 /* AppError.swift */; };
		C01A0BEF2465B956001D7BA0 /* CustomEmptyView.swift in Sources */ = {isa = PBXBuildFile; fileRef = C01A0BEE2465B956001D7BA0 /* CustomEmptyView.swift */; };
		C01A46B22477441F00EDA24E /* UserDefault.swift in Sources */ = {isa = PBXBuildFile; fileRef = C01A46B12477441F00EDA24E /* UserDefault.swift */; };
		C01A46B4247746B700EDA24E /* UserDefaultCodable.swift in Sources */ = {isa = PBXBuildFile; fileRef = C01A46B3247746B700EDA24E /* UserDefaultCodable.swift */; };
		C0245BA3248ECDF4003EFBD3 /* KeychainItem.swift in Sources */ = {isa = PBXBuildFile; fileRef = C0245BA2248ECDF4003EFBD3 /* KeychainItem.swift */; };
		C02D6339249156650069E1B4 /* BiometricAuth.swift in Sources */ = {isa = PBXBuildFile; fileRef = C02D6338249156650069E1B4 /* BiometricAuth.swift */; };
		C037299324656AE4003AA9AB /* Common.UI.ViewModifiers.KeyboardAdaptive.swift in Sources */ = {isa = PBXBuildFile; fileRef = C037299224656AE4003AA9AB /* Common.UI.ViewModifiers.KeyboardAdaptive.swift */; };
		C0377A6924741C9A007345DA /* Network.Common.SampleAPI.swift in Sources */ = {isa = PBXBuildFile; fileRef = C0377A6824741C9A007345DA /* Network.Common.SampleAPI.swift */; };
		C0377A6B24741DB0007345DA /* RequestTimeoutPresentable.swift in Sources */ = {isa = PBXBuildFile; fileRef = C0377A6A24741DB0007345DA /* RequestTimeoutPresentable.swift */; };
		C0377A6D24741E33007345DA /* Common.Constants.swift in Sources */ = {isa = PBXBuildFile; fileRef = C0377A6C24741E33007345DA /* Common.Constants.swift */; };
		C0377A6F247421A9007345DA /* Network.Common.Requests.SignIn.swift in Sources */ = {isa = PBXBuildFile; fileRef = C0377A6E247421A9007345DA /* Network.Common.Requests.SignIn.swift */; };
		C0377A71247422A4007345DA /* Network.SampleProvider.swift in Sources */ = {isa = PBXBuildFile; fileRef = C0377A70247422A4007345DA /* Network.SampleProvider.swift */; };
		C0377A73247423B8007345DA /* Network.Common.Responses.GoogleAPI.swift in Sources */ = {isa = PBXBuildFile; fileRef = C0377A72247423B8007345DA /* Network.Common.Responses.GoogleAPI.swift */; };
		C03BF8792464A56500F4B370 /* Publishers+.swift in Sources */ = {isa = PBXBuildFile; fileRef = C03BF8782464A56500F4B370 /* Publishers+.swift */; };
		C044360824940EAA00D400E2 /* UserDefaults+.swift in Sources */ = {isa = PBXBuildFile; fileRef = C044360724940EAA00D400E2 /* UserDefaults+.swift */; };
		C055AB73247714480020A5F9 /* UserService.swift in Sources */ = {isa = PBXBuildFile; fileRef = C055AB72247714480020A5F9 /* UserService.swift */; };
		C055AB75247715B40020A5F9 /* User.swift in Sources */ = {isa = PBXBuildFile; fileRef = C055AB74247715B40020A5F9 /* User.swift */; };
		C055AB7724772F820020A5F9 /* AuthService.swift in Sources */ = {isa = PBXBuildFile; fileRef = C055AB7624772F820020A5F9 /* AuthService.swift */; };
		C055AB79247731720020A5F9 /* ServicesFactory.swift in Sources */ = {isa = PBXBuildFile; fileRef = C055AB78247731720020A5F9 /* ServicesFactory.swift */; };
		C05BE1E1246EAF7300B6CECD /* LoaderView.swift in Sources */ = {isa = PBXBuildFile; fileRef = C05BE1E0246EAF7300B6CECD /* LoaderView.swift */; };
		C05BE1E3246EB5AD00B6CECD /* ActivityIndicatorView.swift in Sources */ = {isa = PBXBuildFile; fileRef = C05BE1E2246EB5AD00B6CECD /* ActivityIndicatorView.swift */; };
		C067B53F246217FE007810B0 /* AppDelegate.swift in Sources */ = {isa = PBXBuildFile; fileRef = C067B53E246217FE007810B0 /* AppDelegate.swift */; };
		C067B541246217FE007810B0 /* MainSceneDelegate.swift in Sources */ = {isa = PBXBuildFile; fileRef = C067B540246217FE007810B0 /* MainSceneDelegate.swift */; };
		C067B543246217FE007810B0 /* MainView.swift in Sources */ = {isa = PBXBuildFile; fileRef = C067B542246217FE007810B0 /* MainView.swift */; };
		C067B54524621800007810B0 /* Assets.xcassets in Resources */ = {isa = PBXBuildFile; fileRef = C067B54424621800007810B0 /* Assets.xcassets */; };
		C067B54824621800007810B0 /* Preview Assets.xcassets in Resources */ = {isa = PBXBuildFile; fileRef = C067B54724621800007810B0 /* Preview Assets.xcassets */; };
		C067B54B24621800007810B0 /* LaunchScreen.storyboard in Resources */ = {isa = PBXBuildFile; fileRef = C067B54924621800007810B0 /* LaunchScreen.storyboard */; };
		C071AD6C246D6AA500442B1F /* SignInViewVM.swift in Sources */ = {isa = PBXBuildFile; fileRef = C071AD6B246D6AA500442B1F /* SignInViewVM.swift */; };
		C071AD6E246D6B1B00442B1F /* SignInProtocols.swift in Sources */ = {isa = PBXBuildFile; fileRef = C071AD6D246D6B1B00442B1F /* SignInProtocols.swift */; };
		C071AD71246D6C7600442B1F /* SignIn.Models.Event.swift in Sources */ = {isa = PBXBuildFile; fileRef = C071AD70246D6C7600442B1F /* SignIn.Models.Event.swift */; };
		C071AD73246D6C7E00442B1F /* SignIn.Models.ViewEvent.swift in Sources */ = {isa = PBXBuildFile; fileRef = C071AD72246D6C7E00442B1F /* SignIn.Models.ViewEvent.swift */; };
		C071AD99246DE7AD00442B1F /* Publishers.System.swift in Sources */ = {isa = PBXBuildFile; fileRef = C071AD97246DE7AD00442B1F /* Publishers.System.swift */; };
		C071AD9A246DE7AD00442B1F /* Feedback.swift in Sources */ = {isa = PBXBuildFile; fileRef = C071AD98246DE7AD00442B1F /* Feedback.swift */; };
		C071AD9C246DEEB400442B1F /* SignIn.Models.State.swift in Sources */ = {isa = PBXBuildFile; fileRef = C071AD9B246DEEB400442B1F /* SignIn.Models.State.swift */; };
		C07770632470226F00759F35 /* Network.swift in Sources */ = {isa = PBXBuildFile; fileRef = C07770622470226F00759F35 /* Network.swift */; };
		C077706624705EA400759F35 /* Network.Core.DataProvider.swift in Sources */ = {isa = PBXBuildFile; fileRef = C077706524705EA400759F35 /* Network.Core.DataProvider.swift */; };
		C077706824705F4600759F35 /* Network.Core.SessionDelegate.swift in Sources */ = {isa = PBXBuildFile; fileRef = C077706724705F4600759F35 /* Network.Core.SessionDelegate.swift */; };
		C077706A2470606A00759F35 /* TargetType.swift in Sources */ = {isa = PBXBuildFile; fileRef = C07770692470606A00759F35 /* TargetType.swift */; };
		C077706D2470609B00759F35 /* Network.Common.Method.swift in Sources */ = {isa = PBXBuildFile; fileRef = C077706B2470609B00759F35 /* Network.Common.Method.swift */; };
		C077706E2470609B00759F35 /* Network.Common.Task.swift in Sources */ = {isa = PBXBuildFile; fileRef = C077706C2470609B00759F35 /* Network.Common.Task.swift */; };
		C07770702470615A00759F35 /* URLRequest+.swift in Sources */ = {isa = PBXBuildFile; fileRef = C077706F2470615A00759F35 /* URLRequest+.swift */; };
		C07770722470621A00759F35 /* Network.Common.Responses.Response.swift in Sources */ = {isa = PBXBuildFile; fileRef = C07770712470621A00759F35 /* Network.Common.Responses.Response.swift */; };
		C07770742470642100759F35 /* Network.Common.Error.swift in Sources */ = {isa = PBXBuildFile; fileRef = C07770732470642100759F35 /* Network.Common.Error.swift */; };
		C0777076247064B100759F35 /* NSNumber+.swift in Sources */ = {isa = PBXBuildFile; fileRef = C0777075247064B100759F35 /* NSNumber+.swift */; };
		C07770792470767D00759F35 /* JSONDecoder+.swift in Sources */ = {isa = PBXBuildFile; fileRef = C07770772470767D00759F35 /* JSONDecoder+.swift */; };
		C077707A2470767D00759F35 /* JSONEncoder+.swift in Sources */ = {isa = PBXBuildFile; fileRef = C07770782470767D00759F35 /* JSONEncoder+.swift */; };
		C077707E247076EA00759F35 /* AnyCodable.swift in Sources */ = {isa = PBXBuildFile; fileRef = C077707D247076EA00759F35 /* AnyCodable.swift */; };
		C0A1918F248EF424001BAB49 /* ApplicationService.swift in Sources */ = {isa = PBXBuildFile; fileRef = C0A1918E248EF424001BAB49 /* ApplicationService.swift */; };
		C0A7B999248EE45A0084FB37 /* KeychainCodable.swift in Sources */ = {isa = PBXBuildFile; fileRef = C0A7B998248EE45A0084FB37 /* KeychainCodable.swift */; };
		C0B4690324740A7F0020FCF6 /* Network.Core.Plugins.TimeoutRequest.swift in Sources */ = {isa = PBXBuildFile; fileRef = C0B4690024740A7E0020FCF6 /* Network.Core.Plugins.TimeoutRequest.swift */; };
		C0B4690424740A7F0020FCF6 /* Network.Core.Plugins.NetworkLogger.swift in Sources */ = {isa = PBXBuildFile; fileRef = C0B4690124740A7F0020FCF6 /* Network.Core.Plugins.NetworkLogger.swift */; };
		C0B4690524740A7F0020FCF6 /* Network.Core.Plugins.NetworkActivity.swift in Sources */ = {isa = PBXBuildFile; fileRef = C0B4690224740A7F0020FCF6 /* Network.Core.Plugins.NetworkActivity.swift */; };
		C0B4690724740AD80020FCF6 /* BuildEnvironment.swift in Sources */ = {isa = PBXBuildFile; fileRef = C0B4690624740AD80020FCF6 /* BuildEnvironment.swift */; };
		C0B4690A24740CDC0020FCF6 /* Common.swift in Sources */ = {isa = PBXBuildFile; fileRef = C0B4690924740CDC0020FCF6 /* Common.swift */; };
		C0B4690F24740E3F0020FCF6 /* Common.UI.swift in Sources */ = {isa = PBXBuildFile; fileRef = C0B4690E24740E3F0020FCF6 /* Common.UI.swift */; };
		C0C743C02478687000FE7E04 /* RootViewVM.swift in Sources */ = {isa = PBXBuildFile; fileRef = C0C743BF2478687000FE7E04 /* RootViewVM.swift */; };
		C0C743C22478689600FE7E04 /* RootProtocols.swift in Sources */ = {isa = PBXBuildFile; fileRef = C0C743C12478689600FE7E04 /* RootProtocols.swift */; };
		C0C743C52478691900FE7E04 /* Root.Models.Event.swift in Sources */ = {isa = PBXBuildFile; fileRef = C0C743C42478691900FE7E04 /* Root.Models.Event.swift */; };
		C0C743C92478692E00FE7E04 /* Root.Models.State.swift in Sources */ = {isa = PBXBuildFile; fileRef = C0C743C82478692E00FE7E04 /* Root.Models.State.swift */; };
		C0CCDDBE2472CA2E00543311 /* Network.Common.Parsers.swift in Sources */ = {isa = PBXBuildFile; fileRef = C0CCDDBD2472CA2E00543311 /* Network.Common.Parsers.swift */; };
		C0CCDDC02472CBE400543311 /* Network.Common.Responses.ErrorResponse.swift in Sources */ = {isa = PBXBuildFile; fileRef = C0CCDDBF2472CBE400543311 /* Network.Common.Responses.ErrorResponse.swift */; };
		C0CCDDC22472EDB800543311 /* Codable+.swift in Sources */ = {isa = PBXBuildFile; fileRef = C0CCDDC12472EDB800543311 /* Codable+.swift */; };
		C0CCDDC424730F4100543311 /* PluginType.swift in Sources */ = {isa = PBXBuildFile; fileRef = C0CCDDC324730F4100543311 /* PluginType.swift */; };
		C0FFE41F24789EC800456403 /* Main.Models.Event.swift in Sources */ = {isa = PBXBuildFile; fileRef = C0FFE41E24789EC800456403 /* Main.Models.Event.swift */; };
		C0FFE42124789ED500456403 /* Main.Models.ViewEvent.swift in Sources */ = {isa = PBXBuildFile; fileRef = C0FFE42024789ED500456403 /* Main.Models.ViewEvent.swift */; };
		C0FFE42324789EDF00456403 /* Main.Models.State.swift in Sources */ = {isa = PBXBuildFile; fileRef = C0FFE42224789EDF00456403 /* Main.Models.State.swift */; };
		C0FFE42524789EEA00456403 /* MainVM.swift in Sources */ = {isa = PBXBuildFile; fileRef = C0FFE42424789EEA00456403 /* MainVM.swift */; };
		C0FFE4272478A0F100456403 /* MainProtocols.swift in Sources */ = {isa = PBXBuildFile; fileRef = C0FFE4262478A0F100456403 /* MainProtocols.swift */; };
/* End PBXBuildFile section */

/* Begin PBXFileReference section */
		4E0CBC3B2488E9EF00D4577D /* Colors.xcassets */ = {isa = PBXFileReference; lastKnownFileType = folder.assetcatalog; path = Colors.xcassets; sourceTree = "<group>"; };
		4E0CBC3D2488EB3100D4577D /* Color+.swift */ = {isa = PBXFileReference; lastKnownFileType = sourcecode.swift; path = "Color+.swift"; sourceTree = "<group>"; };
		4E0CBC3F2488FCC900D4577D /* UIColor+.swift */ = {isa = PBXFileReference; lastKnownFileType = sourcecode.swift; path = "UIColor+.swift"; sourceTree = "<group>"; };
		4E377B1C248FB44100112FA3 /* Common.UI.ViewModifiers.IconOverlay.swift */ = {isa = PBXFileReference; lastKnownFileType = sourcecode.swift; path = Common.UI.ViewModifiers.IconOverlay.swift; sourceTree = "<group>"; };
		4E76658E2487AE0F00700E74 /* ResponderTextField.swift */ = {isa = PBXFileReference; lastKnownFileType = sourcecode.swift; path = ResponderTextField.swift; sourceTree = "<group>"; };
		4E84F27A24891A2500E66B11 /* ContentSizeCategoryPreview.swift */ = {isa = PBXFileReference; lastKnownFileType = sourcecode.swift; path = ContentSizeCategoryPreview.swift; sourceTree = "<group>"; };
		4E84F27C2489230600E66B11 /* DarkThemePreview.swift */ = {isa = PBXFileReference; lastKnownFileType = sourcecode.swift; path = DarkThemePreview.swift; sourceTree = "<group>"; };
		4E84F27E2489234200E66B11 /* FontPreview.swift */ = {isa = PBXFileReference; lastKnownFileType = sourcecode.swift; path = FontPreview.swift; sourceTree = "<group>"; };
		4E84F2802489238A00E66B11 /* LocalePreview.swift */ = {isa = PBXFileReference; lastKnownFileType = sourcecode.swift; path = LocalePreview.swift; sourceTree = "<group>"; };
		4E84F282248923EA00E66B11 /* RightToLeftPreview.swift */ = {isa = PBXFileReference; lastKnownFileType = sourcecode.swift; path = RightToLeftPreview.swift; sourceTree = "<group>"; };
		4E84F284248924D900E66B11 /* View+PreviewTemplates.swift */ = {isa = PBXFileReference; lastKnownFileType = sourcecode.swift; path = "View+PreviewTemplates.swift"; sourceTree = "<group>"; };
		C00258F42462D2BC00407AA1 /* RootView.swift */ = {isa = PBXFileReference; lastKnownFileType = sourcecode.swift; path = RootView.swift; sourceTree = "<group>"; };
		C00258FD2462E74200407AA1 /* SignInView.swift */ = {isa = PBXFileReference; lastKnownFileType = sourcecode.swift; path = SignInView.swift; sourceTree = "<group>"; };
		C002A10D2486F090008C4BD0 /* TouchID_FaceID.entitlements */ = {isa = PBXFileReference; lastKnownFileType = text.plist.entitlements; path = TouchID_FaceID.entitlements; sourceTree = "<group>"; };
		C0052803247458A000E66057 /* Network.Common.Responses.AuthResponse.swift */ = {isa = PBXFileReference; lastKnownFileType = sourcecode.swift; path = Network.Common.Responses.AuthResponse.swift; sourceTree = "<group>"; };
		C005280624745A1C00E66057 /* AppError.swift */ = {isa = PBXFileReference; lastKnownFileType = sourcecode.swift; path = AppError.swift; sourceTree = "<group>"; };
		C01A0BEE2465B956001D7BA0 /* CustomEmptyView.swift */ = {isa = PBXFileReference; lastKnownFileType = sourcecode.swift; path = CustomEmptyView.swift; sourceTree = "<group>"; };
		C01A46B12477441F00EDA24E /* UserDefault.swift */ = {isa = PBXFileReference; lastKnownFileType = sourcecode.swift; path = UserDefault.swift; sourceTree = "<group>"; };
		C01A46B3247746B700EDA24E /* UserDefaultCodable.swift */ = {isa = PBXFileReference; lastKnownFileType = sourcecode.swift; path = UserDefaultCodable.swift; sourceTree = "<group>"; };
		C0245BA2248ECDF4003EFBD3 /* KeychainItem.swift */ = {isa = PBXFileReference; fileEncoding = 4; lastKnownFileType = sourcecode.swift; path = KeychainItem.swift; sourceTree = "<group>"; };
		C02D6338249156650069E1B4 /* BiometricAuth.swift */ = {isa = PBXFileReference; lastKnownFileType = sourcecode.swift; path = BiometricAuth.swift; sourceTree = "<group>"; };
		C037299224656AE4003AA9AB /* Common.UI.ViewModifiers.KeyboardAdaptive.swift */ = {isa = PBXFileReference; lastKnownFileType = sourcecode.swift; path = Common.UI.ViewModifiers.KeyboardAdaptive.swift; sourceTree = "<group>"; };
		C0377A6824741C9A007345DA /* Network.Common.SampleAPI.swift */ = {isa = PBXFileReference; lastKnownFileType = sourcecode.swift; path = Network.Common.SampleAPI.swift; sourceTree = "<group>"; };
		C0377A6A24741DB0007345DA /* RequestTimeoutPresentable.swift */ = {isa = PBXFileReference; lastKnownFileType = sourcecode.swift; path = RequestTimeoutPresentable.swift; sourceTree = "<group>"; };
		C0377A6C24741E33007345DA /* Common.Constants.swift */ = {isa = PBXFileReference; lastKnownFileType = sourcecode.swift; path = Common.Constants.swift; sourceTree = "<group>"; };
		C0377A6E247421A9007345DA /* Network.Common.Requests.SignIn.swift */ = {isa = PBXFileReference; lastKnownFileType = sourcecode.swift; path = Network.Common.Requests.SignIn.swift; sourceTree = "<group>"; };
		C0377A70247422A4007345DA /* Network.SampleProvider.swift */ = {isa = PBXFileReference; lastKnownFileType = sourcecode.swift; path = Network.SampleProvider.swift; sourceTree = "<group>"; };
		C0377A72247423B8007345DA /* Network.Common.Responses.GoogleAPI.swift */ = {isa = PBXFileReference; lastKnownFileType = sourcecode.swift; path = Network.Common.Responses.GoogleAPI.swift; sourceTree = "<group>"; };
		C03BF8782464A56500F4B370 /* Publishers+.swift */ = {isa = PBXFileReference; lastKnownFileType = sourcecode.swift; path = "Publishers+.swift"; sourceTree = "<group>"; };
		C044360724940EAA00D400E2 /* UserDefaults+.swift */ = {isa = PBXFileReference; lastKnownFileType = sourcecode.swift; path = "UserDefaults+.swift"; sourceTree = "<group>"; };
		C055AB72247714480020A5F9 /* UserService.swift */ = {isa = PBXFileReference; lastKnownFileType = sourcecode.swift; path = UserService.swift; sourceTree = "<group>"; };
		C055AB74247715B40020A5F9 /* User.swift */ = {isa = PBXFileReference; lastKnownFileType = sourcecode.swift; path = User.swift; sourceTree = "<group>"; };
		C055AB7624772F820020A5F9 /* AuthService.swift */ = {isa = PBXFileReference; lastKnownFileType = sourcecode.swift; path = AuthService.swift; sourceTree = "<group>"; };
		C055AB78247731720020A5F9 /* ServicesFactory.swift */ = {isa = PBXFileReference; lastKnownFileType = sourcecode.swift; path = ServicesFactory.swift; sourceTree = "<group>"; };
		C05BE1E0246EAF7300B6CECD /* LoaderView.swift */ = {isa = PBXFileReference; lastKnownFileType = sourcecode.swift; path = LoaderView.swift; sourceTree = "<group>"; };
		C05BE1E2246EB5AD00B6CECD /* ActivityIndicatorView.swift */ = {isa = PBXFileReference; lastKnownFileType = sourcecode.swift; path = ActivityIndicatorView.swift; sourceTree = "<group>"; };
		C067B53B246217FE007810B0 /* TouchID_FaceID.app */ = {isa = PBXFileReference; explicitFileType = wrapper.application; includeInIndex = 0; path = TouchID_FaceID.app; sourceTree = BUILT_PRODUCTS_DIR; };
		C067B53E246217FE007810B0 /* AppDelegate.swift */ = {isa = PBXFileReference; lastKnownFileType = sourcecode.swift; path = AppDelegate.swift; sourceTree = "<group>"; };
		C067B540246217FE007810B0 /* MainSceneDelegate.swift */ = {isa = PBXFileReference; lastKnownFileType = sourcecode.swift; path = MainSceneDelegate.swift; sourceTree = "<group>"; };
		C067B542246217FE007810B0 /* MainView.swift */ = {isa = PBXFileReference; lastKnownFileType = sourcecode.swift; path = MainView.swift; sourceTree = "<group>"; };
		C067B54424621800007810B0 /* Assets.xcassets */ = {isa = PBXFileReference; lastKnownFileType = folder.assetcatalog; path = Assets.xcassets; sourceTree = "<group>"; };
		C067B54724621800007810B0 /* Preview Assets.xcassets */ = {isa = PBXFileReference; lastKnownFileType = folder.assetcatalog; path = "Preview Assets.xcassets"; sourceTree = "<group>"; };
		C067B54A24621800007810B0 /* Base */ = {isa = PBXFileReference; lastKnownFileType = file.storyboard; name = Base; path = Base.lproj/LaunchScreen.storyboard; sourceTree = "<group>"; };
		C067B54C24621800007810B0 /* Info.plist */ = {isa = PBXFileReference; lastKnownFileType = text.plist.xml; path = Info.plist; sourceTree = "<group>"; };
		C071AD6B246D6AA500442B1F /* SignInViewVM.swift */ = {isa = PBXFileReference; lastKnownFileType = sourcecode.swift; path = SignInViewVM.swift; sourceTree = "<group>"; };
		C071AD6D246D6B1B00442B1F /* SignInProtocols.swift */ = {isa = PBXFileReference; lastKnownFileType = sourcecode.swift; path = SignInProtocols.swift; sourceTree = "<group>"; };
		C071AD70246D6C7600442B1F /* SignIn.Models.Event.swift */ = {isa = PBXFileReference; lastKnownFileType = sourcecode.swift; path = SignIn.Models.Event.swift; sourceTree = "<group>"; };
		C071AD72246D6C7E00442B1F /* SignIn.Models.ViewEvent.swift */ = {isa = PBXFileReference; lastKnownFileType = sourcecode.swift; path = SignIn.Models.ViewEvent.swift; sourceTree = "<group>"; };
		C071AD97246DE7AD00442B1F /* Publishers.System.swift */ = {isa = PBXFileReference; fileEncoding = 4; lastKnownFileType = sourcecode.swift; path = Publishers.System.swift; sourceTree = "<group>"; };
		C071AD98246DE7AD00442B1F /* Feedback.swift */ = {isa = PBXFileReference; fileEncoding = 4; lastKnownFileType = sourcecode.swift; path = Feedback.swift; sourceTree = "<group>"; };
		C071AD9B246DEEB400442B1F /* SignIn.Models.State.swift */ = {isa = PBXFileReference; lastKnownFileType = sourcecode.swift; path = SignIn.Models.State.swift; sourceTree = "<group>"; };
		C07770622470226F00759F35 /* Network.swift */ = {isa = PBXFileReference; lastKnownFileType = sourcecode.swift; path = Network.swift; sourceTree = "<group>"; };
		C077706524705EA400759F35 /* Network.Core.DataProvider.swift */ = {isa = PBXFileReference; lastKnownFileType = sourcecode.swift; path = Network.Core.DataProvider.swift; sourceTree = "<group>"; };
		C077706724705F4600759F35 /* Network.Core.SessionDelegate.swift */ = {isa = PBXFileReference; lastKnownFileType = sourcecode.swift; path = Network.Core.SessionDelegate.swift; sourceTree = "<group>"; };
		C07770692470606A00759F35 /* TargetType.swift */ = {isa = PBXFileReference; lastKnownFileType = sourcecode.swift; path = TargetType.swift; sourceTree = "<group>"; };
		C077706B2470609B00759F35 /* Network.Common.Method.swift */ = {isa = PBXFileReference; fileEncoding = 4; lastKnownFileType = sourcecode.swift; path = Network.Common.Method.swift; sourceTree = "<group>"; };
		C077706C2470609B00759F35 /* Network.Common.Task.swift */ = {isa = PBXFileReference; fileEncoding = 4; lastKnownFileType = sourcecode.swift; path = Network.Common.Task.swift; sourceTree = "<group>"; };
		C077706F2470615A00759F35 /* URLRequest+.swift */ = {isa = PBXFileReference; fileEncoding = 4; lastKnownFileType = sourcecode.swift; path = "URLRequest+.swift"; sourceTree = "<group>"; };
		C07770712470621A00759F35 /* Network.Common.Responses.Response.swift */ = {isa = PBXFileReference; lastKnownFileType = sourcecode.swift; path = Network.Common.Responses.Response.swift; sourceTree = "<group>"; };
		C07770732470642100759F35 /* Network.Common.Error.swift */ = {isa = PBXFileReference; lastKnownFileType = sourcecode.swift; path = Network.Common.Error.swift; sourceTree = "<group>"; };
		C0777075247064B100759F35 /* NSNumber+.swift */ = {isa = PBXFileReference; fileEncoding = 4; lastKnownFileType = sourcecode.swift; path = "NSNumber+.swift"; sourceTree = "<group>"; };
		C07770772470767D00759F35 /* JSONDecoder+.swift */ = {isa = PBXFileReference; fileEncoding = 4; lastKnownFileType = sourcecode.swift; path = "JSONDecoder+.swift"; sourceTree = "<group>"; };
		C07770782470767D00759F35 /* JSONEncoder+.swift */ = {isa = PBXFileReference; fileEncoding = 4; lastKnownFileType = sourcecode.swift; path = "JSONEncoder+.swift"; sourceTree = "<group>"; };
		C077707D247076EA00759F35 /* AnyCodable.swift */ = {isa = PBXFileReference; fileEncoding = 4; lastKnownFileType = sourcecode.swift; path = AnyCodable.swift; sourceTree = "<group>"; };
		C0A1918E248EF424001BAB49 /* ApplicationService.swift */ = {isa = PBXFileReference; lastKnownFileType = sourcecode.swift; path = ApplicationService.swift; sourceTree = "<group>"; };
		C0A7B998248EE45A0084FB37 /* KeychainCodable.swift */ = {isa = PBXFileReference; lastKnownFileType = sourcecode.swift; path = KeychainCodable.swift; sourceTree = "<group>"; };
		C0B4690024740A7E0020FCF6 /* Network.Core.Plugins.TimeoutRequest.swift */ = {isa = PBXFileReference; fileEncoding = 4; lastKnownFileType = sourcecode.swift; path = Network.Core.Plugins.TimeoutRequest.swift; sourceTree = "<group>"; };
		C0B4690124740A7F0020FCF6 /* Network.Core.Plugins.NetworkLogger.swift */ = {isa = PBXFileReference; fileEncoding = 4; lastKnownFileType = sourcecode.swift; path = Network.Core.Plugins.NetworkLogger.swift; sourceTree = "<group>"; };
		C0B4690224740A7F0020FCF6 /* Network.Core.Plugins.NetworkActivity.swift */ = {isa = PBXFileReference; fileEncoding = 4; lastKnownFileType = sourcecode.swift; path = Network.Core.Plugins.NetworkActivity.swift; sourceTree = "<group>"; };
		C0B4690624740AD80020FCF6 /* BuildEnvironment.swift */ = {isa = PBXFileReference; fileEncoding = 4; lastKnownFileType = sourcecode.swift; path = BuildEnvironment.swift; sourceTree = "<group>"; };
		C0B4690924740CDC0020FCF6 /* Common.swift */ = {isa = PBXFileReference; lastKnownFileType = sourcecode.swift; path = Common.swift; sourceTree = "<group>"; };
		C0B4690E24740E3F0020FCF6 /* Common.UI.swift */ = {isa = PBXFileReference; lastKnownFileType = sourcecode.swift; path = Common.UI.swift; sourceTree = "<group>"; };
		C0C743BF2478687000FE7E04 /* RootViewVM.swift */ = {isa = PBXFileReference; lastKnownFileType = sourcecode.swift; path = RootViewVM.swift; sourceTree = "<group>"; };
		C0C743C12478689600FE7E04 /* RootProtocols.swift */ = {isa = PBXFileReference; lastKnownFileType = sourcecode.swift; path = RootProtocols.swift; sourceTree = "<group>"; };
		C0C743C42478691900FE7E04 /* Root.Models.Event.swift */ = {isa = PBXFileReference; lastKnownFileType = sourcecode.swift; path = Root.Models.Event.swift; sourceTree = "<group>"; };
		C0C743C82478692E00FE7E04 /* Root.Models.State.swift */ = {isa = PBXFileReference; lastKnownFileType = sourcecode.swift; path = Root.Models.State.swift; sourceTree = "<group>"; };
		C0CCDDBD2472CA2E00543311 /* Network.Common.Parsers.swift */ = {isa = PBXFileReference; lastKnownFileType = sourcecode.swift; path = Network.Common.Parsers.swift; sourceTree = "<group>"; };
		C0CCDDBF2472CBE400543311 /* Network.Common.Responses.ErrorResponse.swift */ = {isa = PBXFileReference; lastKnownFileType = sourcecode.swift; path = Network.Common.Responses.ErrorResponse.swift; sourceTree = "<group>"; };
		C0CCDDC12472EDB800543311 /* Codable+.swift */ = {isa = PBXFileReference; fileEncoding = 4; lastKnownFileType = sourcecode.swift; path = "Codable+.swift"; sourceTree = "<group>"; };
		C0CCDDC324730F4100543311 /* PluginType.swift */ = {isa = PBXFileReference; fileEncoding = 4; lastKnownFileType = sourcecode.swift; path = PluginType.swift; sourceTree = "<group>"; };
		C0FFE41E24789EC800456403 /* Main.Models.Event.swift */ = {isa = PBXFileReference; lastKnownFileType = sourcecode.swift; path = Main.Models.Event.swift; sourceTree = "<group>"; };
		C0FFE42024789ED500456403 /* Main.Models.ViewEvent.swift */ = {isa = PBXFileReference; lastKnownFileType = sourcecode.swift; path = Main.Models.ViewEvent.swift; sourceTree = "<group>"; };
		C0FFE42224789EDF00456403 /* Main.Models.State.swift */ = {isa = PBXFileReference; lastKnownFileType = sourcecode.swift; path = Main.Models.State.swift; sourceTree = "<group>"; };
		C0FFE42424789EEA00456403 /* MainVM.swift */ = {isa = PBXFileReference; lastKnownFileType = sourcecode.swift; path = MainVM.swift; sourceTree = "<group>"; };
		C0FFE4262478A0F100456403 /* MainProtocols.swift */ = {isa = PBXFileReference; lastKnownFileType = sourcecode.swift; path = MainProtocols.swift; sourceTree = "<group>"; };
/* End PBXFileReference section */

/* Begin PBXFrameworksBuildPhase section */
		C067B538246217FE007810B0 /* Frameworks */ = {
			isa = PBXFrameworksBuildPhase;
			buildActionMask = 2147483647;
			files = (
			);
			runOnlyForDeploymentPostprocessing = 0;
		};
/* End PBXFrameworksBuildPhase section */

/* Begin PBXGroup section */
		4E84F279248919F900E66B11 /* PreviewTemplates */ = {
			isa = PBXGroup;
			children = (
				4E84F284248924D900E66B11 /* View+PreviewTemplates.swift */,
				4E84F27A24891A2500E66B11 /* ContentSizeCategoryPreview.swift */,
				4E84F27C2489230600E66B11 /* DarkThemePreview.swift */,
				4E84F27E2489234200E66B11 /* FontPreview.swift */,
				4E84F2802489238A00E66B11 /* LocalePreview.swift */,
				4E84F282248923EA00E66B11 /* RightToLeftPreview.swift */,
			);
			path = PreviewTemplates;
			sourceTree = "<group>";
		};
		C00258F82462E68400407AA1 /* Application */ = {
			isa = PBXGroup;
			children = (
				C067B53E246217FE007810B0 /* AppDelegate.swift */,
				C00258F92462E68F00407AA1 /* Scenes */,
			);
			path = Application;
			sourceTree = "<group>";
		};
		C00258F92462E68F00407AA1 /* Scenes */ = {
			isa = PBXGroup;
			children = (
				C067B540246217FE007810B0 /* MainSceneDelegate.swift */,
			);
			path = Scenes;
			sourceTree = "<group>";
		};
		C00258FA2462E6AB00407AA1 /* Resources */ = {
			isa = PBXGroup;
			children = (
				C0B46914247415780020FCF6 /* Assets */,
				C067B54924621800007810B0 /* LaunchScreen.storyboard */,
			);
			path = Resources;
			sourceTree = "<group>";
		};
		C0052805247459ED00E66057 /* Helpers */ = {
			isa = PBXGroup;
			children = (
				C005280624745A1C00E66057 /* AppError.swift */,
				C0245BA2248ECDF4003EFBD3 /* KeychainItem.swift */,
				C02D6338249156650069E1B4 /* BiometricAuth.swift */,
			);
			path = Helpers;
			sourceTree = "<group>";
		};
		C01A46B5247746DE00EDA24E /* Wrappers */ = {
			isa = PBXGroup;
			children = (
				C01A46B12477441F00EDA24E /* UserDefault.swift */,
				C01A46B3247746B700EDA24E /* UserDefaultCodable.swift */,
				C0A7B998248EE45A0084FB37 /* KeychainCodable.swift */,
			);
			path = Wrappers;
			sourceTree = "<group>";
		};
		C037299124656AC2003AA9AB /* ViewModifiers */ = {
			isa = PBXGroup;
			children = (
				C037299224656AE4003AA9AB /* Common.UI.ViewModifiers.KeyboardAdaptive.swift */,
				4E377B1C248FB44100112FA3 /* Common.UI.ViewModifiers.IconOverlay.swift */,
			);
			path = ViewModifiers;
			sourceTree = "<group>";
		};
		C03BF87A2464A56700F4B370 /* Extensions */ = {
			isa = PBXGroup;
			children = (
				C071AD96246DE7AD00442B1F /* Feedback */,
				C03BF8782464A56500F4B370 /* Publishers+.swift */,
				C077706F2470615A00759F35 /* URLRequest+.swift */,
				C0777075247064B100759F35 /* NSNumber+.swift */,
				C07770772470767D00759F35 /* JSONDecoder+.swift */,
				C07770782470767D00759F35 /* JSONEncoder+.swift */,
				C0CCDDC12472EDB800543311 /* Codable+.swift */,
				4E0CBC3F2488FCC900D4577D /* UIColor+.swift */,
				4E0CBC3D2488EB3100D4577D /* Color+.swift */,
				C044360724940EAA00D400E2 /* UserDefaults+.swift */,
			);
			path = Extensions;
			sourceTree = "<group>";
		};
		C055AB712477140B0020A5F9 /* Services */ = {
			isa = PBXGroup;
			children = (
				C055AB78247731720020A5F9 /* ServicesFactory.swift */,
				C0A1918E248EF424001BAB49 /* ApplicationService.swift */,
				C055AB7624772F820020A5F9 /* AuthService.swift */,
				C055AB72247714480020A5F9 /* UserService.swift */,
			);
			path = Services;
			sourceTree = "<group>";
		};
		C05BE1DD246EAF2000B6CECD /* Views */ = {
			isa = PBXGroup;
			children = (
				C05BE1DE246EAF2C00B6CECD /* CommonViews */,
				C0B46912247415110020FCF6 /* Root */,
				C0B46911247415100020FCF6 /* Main */,
				C071AD6A246D6A7B00442B1F /* SignIn */,
			);
			path = Views;
			sourceTree = "<group>";
		};
		C05BE1DE246EAF2C00B6CECD /* CommonViews */ = {
			isa = PBXGroup;
			children = (
				4E84F279248919F900E66B11 /* PreviewTemplates */,
				C01A0BEE2465B956001D7BA0 /* CustomEmptyView.swift */,
				C05BE1E0246EAF7300B6CECD /* LoaderView.swift */,
				C05BE1E2246EB5AD00B6CECD /* ActivityIndicatorView.swift */,
				4E76658E2487AE0F00700E74 /* ResponderTextField.swift */,
			);
			path = CommonViews;
			sourceTree = "<group>";
		};
		C05BE1DF246EAF5800B6CECD /* Network */ = {
			isa = PBXGroup;
			children = (
				C077705B2470221D00759F35 /* Common */,
				C07770612470225C00759F35 /* Providers */,
				C077706424705E3700759F35 /* Core */,
				C07770622470226F00759F35 /* Network.swift */,
			);
			path = Network;
			sourceTree = "<group>";
		};
		C067B532246217FE007810B0 = {
			isa = PBXGroup;
			children = (
				C067B53D246217FE007810B0 /* TouchID_FaceID */,
				C067B53C246217FE007810B0 /* Products */,
			);
			sourceTree = "<group>";
		};
		C067B53C246217FE007810B0 /* Products */ = {
			isa = PBXGroup;
			children = (
				C067B53B246217FE007810B0 /* TouchID_FaceID.app */,
			);
			name = Products;
			sourceTree = "<group>";
		};
		C067B53D246217FE007810B0 /* TouchID_FaceID */ = {
			isa = PBXGroup;
			children = (
				C00258F82462E68400407AA1 /* Application */,
				C0B4690824740CCE0020FCF6 /* Common */,
				C05BE1DF246EAF5800B6CECD /* Network */,
				C055AB712477140B0020A5F9 /* Services */,
				C0052805247459ED00E66057 /* Helpers */,
				C05BE1DD246EAF2000B6CECD /* Views */,
				C077707B247076DA00759F35 /* Models */,
				C0B46913247415680020FCF6 /* Supporting Files */,
				C00258FA2462E6AB00407AA1 /* Resources */,
			);
			path = TouchID_FaceID;
			sourceTree = "<group>";
		};
		C067B54624621800007810B0 /* Preview Content */ = {
			isa = PBXGroup;
			children = (
				C067B54724621800007810B0 /* Preview Assets.xcassets */,
			);
			path = "Preview Content";
			sourceTree = "<group>";
		};
		C06CBE0D24741BFC002A8996 /* Specific */ = {
			isa = PBXGroup;
			children = (
				C055AB74247715B40020A5F9 /* User.swift */,
			);
			path = Specific;
			sourceTree = "<group>";
		};
		C071AD6A246D6A7B00442B1F /* SignIn */ = {
			isa = PBXGroup;
			children = (
				C071AD6F246D6C6100442B1F /* Models */,
				C071AD6D246D6B1B00442B1F /* SignInProtocols.swift */,
				C071AD6B246D6AA500442B1F /* SignInViewVM.swift */,
				C00258FD2462E74200407AA1 /* SignInView.swift */,
			);
			path = SignIn;
			sourceTree = "<group>";
		};
		C071AD6F246D6C6100442B1F /* Models */ = {
			isa = PBXGroup;
			children = (
				C071AD70246D6C7600442B1F /* SignIn.Models.Event.swift */,
				C071AD72246D6C7E00442B1F /* SignIn.Models.ViewEvent.swift */,
				C071AD9B246DEEB400442B1F /* SignIn.Models.State.swift */,
			);
			path = Models;
			sourceTree = "<group>";
		};
		C071AD96246DE7AD00442B1F /* Feedback */ = {
			isa = PBXGroup;
			children = (
				C071AD97246DE7AD00442B1F /* Publishers.System.swift */,
				C071AD98246DE7AD00442B1F /* Feedback.swift */,
			);
			path = Feedback;
			sourceTree = "<group>";
		};
		C077705B2470221D00759F35 /* Common */ = {
			isa = PBXGroup;
			children = (
				C077705C2470222900759F35 /* Protocols */,
				C077705D2470222F00759F35 /* Models */,
				C077705E2470223800759F35 /* API */,
				C07770602470224E00759F35 /* Responses */,
				C077705F2470224700759F35 /* Requests */,
				C0CCDDBD2472CA2E00543311 /* Network.Common.Parsers.swift */,
			);
			path = Common;
			sourceTree = "<group>";
		};
		C077705C2470222900759F35 /* Protocols */ = {
			isa = PBXGroup;
			children = (
				C07770692470606A00759F35 /* TargetType.swift */,
				C0CCDDC324730F4100543311 /* PluginType.swift */,
				C0377A6A24741DB0007345DA /* RequestTimeoutPresentable.swift */,
			);
			path = Protocols;
			sourceTree = "<group>";
		};
		C077705D2470222F00759F35 /* Models */ = {
			isa = PBXGroup;
			children = (
				C07770732470642100759F35 /* Network.Common.Error.swift */,
				C077706B2470609B00759F35 /* Network.Common.Method.swift */,
				C077706C2470609B00759F35 /* Network.Common.Task.swift */,
			);
			path = Models;
			sourceTree = "<group>";
		};
		C077705E2470223800759F35 /* API */ = {
			isa = PBXGroup;
			children = (
				C0377A6824741C9A007345DA /* Network.Common.SampleAPI.swift */,
			);
			path = API;
			sourceTree = "<group>";
		};
		C077705F2470224700759F35 /* Requests */ = {
			isa = PBXGroup;
			children = (
				C0377A6E247421A9007345DA /* Network.Common.Requests.SignIn.swift */,
			);
			path = Requests;
			sourceTree = "<group>";
		};
		C07770602470224E00759F35 /* Responses */ = {
			isa = PBXGroup;
			children = (
				C07770712470621A00759F35 /* Network.Common.Responses.Response.swift */,
				C0CCDDBF2472CBE400543311 /* Network.Common.Responses.ErrorResponse.swift */,
				C0377A72247423B8007345DA /* Network.Common.Responses.GoogleAPI.swift */,
				C0052803247458A000E66057 /* Network.Common.Responses.AuthResponse.swift */,
			);
			path = Responses;
			sourceTree = "<group>";
		};
		C07770612470225C00759F35 /* Providers */ = {
			isa = PBXGroup;
			children = (
				C0377A70247422A4007345DA /* Network.SampleProvider.swift */,
			);
			path = Providers;
			sourceTree = "<group>";
		};
		C077706424705E3700759F35 /* Core */ = {
			isa = PBXGroup;
			children = (
				C0BE283D2473F98700B93E89 /* Plugins */,
				C077706524705EA400759F35 /* Network.Core.DataProvider.swift */,
				C077706724705F4600759F35 /* Network.Core.SessionDelegate.swift */,
			);
			path = Core;
			sourceTree = "<group>";
		};
		C077707B247076DA00759F35 /* Models */ = {
			isa = PBXGroup;
			children = (
				C077707C247076DE00759F35 /* General */,
				C06CBE0D24741BFC002A8996 /* Specific */,
			);
			path = Models;
			sourceTree = "<group>";
		};
		C077707C247076DE00759F35 /* General */ = {
			isa = PBXGroup;
			children = (
				C01A46B5247746DE00EDA24E /* Wrappers */,
				C0B4690624740AD80020FCF6 /* BuildEnvironment.swift */,
				C077707D247076EA00759F35 /* AnyCodable.swift */,
			);
			path = General;
			sourceTree = "<group>";
		};
		C0B4690824740CCE0020FCF6 /* Common */ = {
			isa = PBXGroup;
			children = (
				C0B4690924740CDC0020FCF6 /* Common.swift */,
				C0B4690B24740CF20020FCF6 /* Protocols */,
				C0B4690C24740CF50020FCF6 /* Constants */,
				C03BF87A2464A56700F4B370 /* Extensions */,
				C0B4690D24740E300020FCF6 /* UI */,
			);
			path = Common;
			sourceTree = "<group>";
		};
		C0B4690B24740CF20020FCF6 /* Protocols */ = {
			isa = PBXGroup;
			children = (
			);
			path = Protocols;
			sourceTree = "<group>";
		};
		C0B4690C24740CF50020FCF6 /* Constants */ = {
			isa = PBXGroup;
			children = (
				C0377A6C24741E33007345DA /* Common.Constants.swift */,
			);
			path = Constants;
			sourceTree = "<group>";
		};
		C0B4690D24740E300020FCF6 /* UI */ = {
			isa = PBXGroup;
			children = (
				C0B4690E24740E3F0020FCF6 /* Common.UI.swift */,
				C0B4691024740E5F0020FCF6 /* Views */,
				C037299124656AC2003AA9AB /* ViewModifiers */,
			);
			path = UI;
			sourceTree = "<group>";
		};
		C0B4691024740E5F0020FCF6 /* Views */ = {
			isa = PBXGroup;
			children = (
			);
			path = Views;
			sourceTree = "<group>";
		};
		C0B46911247415100020FCF6 /* Main */ = {
			isa = PBXGroup;
			children = (
				C0FFE41D24789EB000456403 /* Models */,
				C0FFE4262478A0F100456403 /* MainProtocols.swift */,
				C0FFE42424789EEA00456403 /* MainVM.swift */,
				C067B542246217FE007810B0 /* MainView.swift */,
			);
			path = Main;
			sourceTree = "<group>";
		};
		C0B46912247415110020FCF6 /* Root */ = {
			isa = PBXGroup;
			children = (
				C0C743C3247868E400FE7E04 /* Models */,
				C0C743C12478689600FE7E04 /* RootProtocols.swift */,
				C0C743BF2478687000FE7E04 /* RootViewVM.swift */,
				C00258F42462D2BC00407AA1 /* RootView.swift */,
			);
			path = Root;
			sourceTree = "<group>";
		};
		C0B46913247415680020FCF6 /* Supporting Files */ = {
			isa = PBXGroup;
			children = (
				C067B54C24621800007810B0 /* Info.plist */,
				C002A10D2486F090008C4BD0 /* TouchID_FaceID.entitlements */,
			);
			path = "Supporting Files";
			sourceTree = "<group>";
		};
		C0B46914247415780020FCF6 /* Assets */ = {
			isa = PBXGroup;
			children = (
				C067B54424621800007810B0 /* Assets.xcassets */,
				4E0CBC3B2488E9EF00D4577D /* Colors.xcassets */,
				C067B54624621800007810B0 /* Preview Content */,
			);
			path = Assets;
			sourceTree = "<group>";
		};
		C0BE283D2473F98700B93E89 /* Plugins */ = {
			isa = PBXGroup;
			children = (
				C0B4690224740A7F0020FCF6 /* Network.Core.Plugins.NetworkActivity.swift */,
				C0B4690124740A7F0020FCF6 /* Network.Core.Plugins.NetworkLogger.swift */,
				C0B4690024740A7E0020FCF6 /* Network.Core.Plugins.TimeoutRequest.swift */,
			);
			path = Plugins;
			sourceTree = "<group>";
		};
		C0C743C3247868E400FE7E04 /* Models */ = {
			isa = PBXGroup;
			children = (
				C0C743C42478691900FE7E04 /* Root.Models.Event.swift */,
				C0C743C82478692E00FE7E04 /* Root.Models.State.swift */,
			);
			path = Models;
			sourceTree = "<group>";
		};
		C0FFE41D24789EB000456403 /* Models */ = {
			isa = PBXGroup;
			children = (
				C0FFE41E24789EC800456403 /* Main.Models.Event.swift */,
				C0FFE42024789ED500456403 /* Main.Models.ViewEvent.swift */,
				C0FFE42224789EDF00456403 /* Main.Models.State.swift */,
			);
			path = Models;
			sourceTree = "<group>";
		};
/* End PBXGroup section */

/* Begin PBXNativeTarget section */
		C067B53A246217FE007810B0 /* TouchID_FaceID */ = {
			isa = PBXNativeTarget;
			buildConfigurationList = C067B54F24621800007810B0 /* Build configuration list for PBXNativeTarget "TouchID_FaceID" */;
			buildPhases = (
				C067B537246217FE007810B0 /* Sources */,
				C067B538246217FE007810B0 /* Frameworks */,
				C067B539246217FE007810B0 /* Resources */,
			);
			buildRules = (
			);
			dependencies = (
			);
			name = TouchID_FaceID;
			productName = TouchID_FaceID;
			productReference = C067B53B246217FE007810B0 /* TouchID_FaceID.app */;
			productType = "com.apple.product-type.application";
		};
/* End PBXNativeTarget section */

/* Begin PBXProject section */
		C067B533246217FE007810B0 /* Project object */ = {
			isa = PBXProject;
			attributes = {
				LastSwiftUpdateCheck = 1140;
				LastUpgradeCheck = 1140;
				ORGANIZATIONNAME = dev;
				TargetAttributes = {
					C067B53A246217FE007810B0 = {
						CreatedOnToolsVersion = 11.4.1;
					};
				};
			};
			buildConfigurationList = C067B536246217FE007810B0 /* Build configuration list for PBXProject "TouchID_FaceID" */;
			compatibilityVersion = "Xcode 9.3";
			developmentRegion = en;
			hasScannedForEncodings = 0;
			knownRegions = (
				en,
				Base,
			);
			mainGroup = C067B532246217FE007810B0;
			productRefGroup = C067B53C246217FE007810B0 /* Products */;
			projectDirPath = "";
			projectRoot = "";
			targets = (
				C067B53A246217FE007810B0 /* TouchID_FaceID */,
			);
		};
/* End PBXProject section */

/* Begin PBXResourcesBuildPhase section */
		C067B539246217FE007810B0 /* Resources */ = {
			isa = PBXResourcesBuildPhase;
			buildActionMask = 2147483647;
			files = (
				C067B54B24621800007810B0 /* LaunchScreen.storyboard in Resources */,
				4E0CBC3C2488E9EF00D4577D /* Colors.xcassets in Resources */,
				C067B54824621800007810B0 /* Preview Assets.xcassets in Resources */,
				C067B54524621800007810B0 /* Assets.xcassets in Resources */,
			);
			runOnlyForDeploymentPostprocessing = 0;
		};
/* End PBXResourcesBuildPhase section */

/* Begin PBXSourcesBuildPhase section */
		C067B537246217FE007810B0 /* Sources */ = {
			isa = PBXSourcesBuildPhase;
			buildActionMask = 2147483647;
			files = (
				C00258FE2462E74200407AA1 /* SignInView.swift in Sources */,
				C0C743C92478692E00FE7E04 /* Root.Models.State.swift in Sources */,
				C0CCDDC424730F4100543311 /* PluginType.swift in Sources */,
				C02D6339249156650069E1B4 /* BiometricAuth.swift in Sources */,
				C055AB73247714480020A5F9 /* UserService.swift in Sources */,
				C01A46B4247746B700EDA24E /* UserDefaultCodable.swift in Sources */,
				C0B4690424740A7F0020FCF6 /* Network.Core.Plugins.NetworkLogger.swift in Sources */,
				C077706D2470609B00759F35 /* Network.Common.Method.swift in Sources */,
				C005280724745A1C00E66057 /* AppError.swift in Sources */,
				C0B4690A24740CDC0020FCF6 /* Common.swift in Sources */,
				C077706A2470606A00759F35 /* TargetType.swift in Sources */,
				C0FFE4272478A0F100456403 /* MainProtocols.swift in Sources */,
				C0FFE42524789EEA00456403 /* MainVM.swift in Sources */,
				C077706824705F4600759F35 /* Network.Core.SessionDelegate.swift in Sources */,
				C037299324656AE4003AA9AB /* Common.UI.ViewModifiers.KeyboardAdaptive.swift in Sources */,
				C0FFE42124789ED500456403 /* Main.Models.ViewEvent.swift in Sources */,
				C0377A73247423B8007345DA /* Network.Common.Responses.GoogleAPI.swift in Sources */,
				C0C743C02478687000FE7E04 /* RootViewVM.swift in Sources */,
				C077706E2470609B00759F35 /* Network.Common.Task.swift in Sources */,
				4E84F2812489238A00E66B11 /* LocalePreview.swift in Sources */,
				4E0CBC3E2488EB3100D4577D /* Color+.swift in Sources */,
				C071AD73246D6C7E00442B1F /* SignIn.Models.ViewEvent.swift in Sources */,
				C00258F52462D2BC00407AA1 /* RootView.swift in Sources */,
				C067B53F246217FE007810B0 /* AppDelegate.swift in Sources */,
				C077707A2470767D00759F35 /* JSONEncoder+.swift in Sources */,
				4E84F283248923EA00E66B11 /* RightToLeftPreview.swift in Sources */,
				4E377B1D248FB44100112FA3 /* Common.UI.ViewModifiers.IconOverlay.swift in Sources */,
				C07770722470621A00759F35 /* Network.Common.Responses.Response.swift in Sources */,
				C044360824940EAA00D400E2 /* UserDefaults+.swift in Sources */,
				C0377A6B24741DB0007345DA /* RequestTimeoutPresentable.swift in Sources */,
				C0CCDDC02472CBE400543311 /* Network.Common.Responses.ErrorResponse.swift in Sources */,
				C0B4690524740A7F0020FCF6 /* Network.Core.Plugins.NetworkActivity.swift in Sources */,
				C01A0BEF2465B956001D7BA0 /* CustomEmptyView.swift in Sources */,
				C071AD9C246DEEB400442B1F /* SignIn.Models.State.swift in Sources */,
				C067B541246217FE007810B0 /* MainSceneDelegate.swift in Sources */,
				4E76658F2487AE0F00700E74 /* ResponderTextField.swift in Sources */,
				C0377A71247422A4007345DA /* Network.SampleProvider.swift in Sources */,
				C07770702470615A00759F35 /* URLRequest+.swift in Sources */,
				C0CCDDBE2472CA2E00543311 /* Network.Common.Parsers.swift in Sources */,
				C0CCDDC22472EDB800543311 /* Codable+.swift in Sources */,
				C0377A6F247421A9007345DA /* Network.Common.Requests.SignIn.swift in Sources */,
				C0377A6924741C9A007345DA /* Network.Common.SampleAPI.swift in Sources */,
				C03BF8792464A56500F4B370 /* Publishers+.swift in Sources */,
				C0A7B999248EE45A0084FB37 /* KeychainCodable.swift in Sources */,
				C071AD6C246D6AA500442B1F /* SignInViewVM.swift in Sources */,
				C01A46B22477441F00EDA24E /* UserDefault.swift in Sources */,
				C0245BA3248ECDF4003EFBD3 /* KeychainItem.swift in Sources */,
				C0C743C52478691900FE7E04 /* Root.Models.Event.swift in Sources */,
				C0FFE41F24789EC800456403 /* Main.Models.Event.swift in Sources */,
				C077707E247076EA00759F35 /* AnyCodable.swift in Sources */,
				4E0CBC402488FCC900D4577D /* UIColor+.swift in Sources */,
				4E84F27B24891A2500E66B11 /* ContentSizeCategoryPreview.swift in Sources */,
				C0B4690F24740E3F0020FCF6 /* Common.UI.swift in Sources */,
				C07770742470642100759F35 /* Network.Common.Error.swift in Sources */,
				C0377A6D24741E33007345DA /* Common.Constants.swift in Sources */,
				C067B543246217FE007810B0 /* MainView.swift in Sources */,
				C0C743C22478689600FE7E04 /* RootProtocols.swift in Sources */,
				C071AD71246D6C7600442B1F /* SignIn.Models.Event.swift in Sources */,
				C05BE1E3246EB5AD00B6CECD /* ActivityIndicatorView.swift in Sources */,
				C0B4690724740AD80020FCF6 /* BuildEnvironment.swift in Sources */,
				C055AB75247715B40020A5F9 /* User.swift in Sources */,
				C05BE1E1246EAF7300B6CECD /* LoaderView.swift in Sources */,
				C071AD9A246DE7AD00442B1F /* Feedback.swift in Sources */,
				4E84F27F2489234200E66B11 /* FontPreview.swift in Sources */,
				C071AD99246DE7AD00442B1F /* Publishers.System.swift in Sources */,
				C071AD6E246D6B1B00442B1F /* SignInProtocols.swift in Sources */,
				4E84F27D2489230600E66B11 /* DarkThemePreview.swift in Sources */,
				C0B4690324740A7F0020FCF6 /* Network.Core.Plugins.TimeoutRequest.swift in Sources */,
				C0FFE42324789EDF00456403 /* Main.Models.State.swift in Sources */,
				C0052804247458A000E66057 /* Network.Common.Responses.AuthResponse.swift in Sources */,
				4E84F285248924D900E66B11 /* View+PreviewTemplates.swift in Sources */,
				C055AB79247731720020A5F9 /* ServicesFactory.swift in Sources */,
				C077706624705EA400759F35 /* Network.Core.DataProvider.swift in Sources */,
				C07770632470226F00759F35 /* Network.swift in Sources */,
				C0A1918F248EF424001BAB49 /* ApplicationService.swift in Sources */,
				C0777076247064B100759F35 /* NSNumber+.swift in Sources */,
				C07770792470767D00759F35 /* JSONDecoder+.swift in Sources */,
				C055AB7724772F820020A5F9 /* AuthService.swift in Sources */,
			);
			runOnlyForDeploymentPostprocessing = 0;
		};
/* End PBXSourcesBuildPhase section */

/* Begin PBXVariantGroup section */
		C067B54924621800007810B0 /* LaunchScreen.storyboard */ = {
			isa = PBXVariantGroup;
			children = (
				C067B54A24621800007810B0 /* Base */,
			);
			name = LaunchScreen.storyboard;
			sourceTree = "<group>";
		};
/* End PBXVariantGroup section */

/* Begin XCBuildConfiguration section */
		C067B54D24621800007810B0 /* Debug */ = {
			isa = XCBuildConfiguration;
			buildSettings = {
				ALWAYS_SEARCH_USER_PATHS = NO;
				CLANG_ANALYZER_NONNULL = YES;
				CLANG_ANALYZER_NUMBER_OBJECT_CONVERSION = YES_AGGRESSIVE;
				CLANG_CXX_LANGUAGE_STANDARD = "gnu++14";
				CLANG_CXX_LIBRARY = "libc++";
				CLANG_ENABLE_MODULES = YES;
				CLANG_ENABLE_OBJC_ARC = YES;
				CLANG_ENABLE_OBJC_WEAK = YES;
				CLANG_WARN_BLOCK_CAPTURE_AUTORELEASING = YES;
				CLANG_WARN_BOOL_CONVERSION = YES;
				CLANG_WARN_COMMA = YES;
				CLANG_WARN_CONSTANT_CONVERSION = YES;
				CLANG_WARN_DEPRECATED_OBJC_IMPLEMENTATIONS = YES;
				CLANG_WARN_DIRECT_OBJC_ISA_USAGE = YES_ERROR;
				CLANG_WARN_DOCUMENTATION_COMMENTS = YES;
				CLANG_WARN_EMPTY_BODY = YES;
				CLANG_WARN_ENUM_CONVERSION = YES;
				CLANG_WARN_INFINITE_RECURSION = YES;
				CLANG_WARN_INT_CONVERSION = YES;
				CLANG_WARN_NON_LITERAL_NULL_CONVERSION = YES;
				CLANG_WARN_OBJC_IMPLICIT_RETAIN_SELF = YES;
				CLANG_WARN_OBJC_LITERAL_CONVERSION = YES;
				CLANG_WARN_OBJC_ROOT_CLASS = YES_ERROR;
				CLANG_WARN_RANGE_LOOP_ANALYSIS = YES;
				CLANG_WARN_STRICT_PROTOTYPES = YES;
				CLANG_WARN_SUSPICIOUS_MOVE = YES;
				CLANG_WARN_UNGUARDED_AVAILABILITY = YES_AGGRESSIVE;
				CLANG_WARN_UNREACHABLE_CODE = YES;
				CLANG_WARN__DUPLICATE_METHOD_MATCH = YES;
				COPY_PHASE_STRIP = NO;
				DEBUG_INFORMATION_FORMAT = dwarf;
				ENABLE_STRICT_OBJC_MSGSEND = YES;
				ENABLE_TESTABILITY = YES;
				GCC_C_LANGUAGE_STANDARD = gnu11;
				GCC_DYNAMIC_NO_PIC = NO;
				GCC_NO_COMMON_BLOCKS = YES;
				GCC_OPTIMIZATION_LEVEL = 0;
				GCC_PREPROCESSOR_DEFINITIONS = (
					"DEBUG=1",
					"$(inherited)",
				);
				GCC_WARN_64_TO_32_BIT_CONVERSION = YES;
				GCC_WARN_ABOUT_RETURN_TYPE = YES_ERROR;
				GCC_WARN_UNDECLARED_SELECTOR = YES;
				GCC_WARN_UNINITIALIZED_AUTOS = YES_AGGRESSIVE;
				GCC_WARN_UNUSED_FUNCTION = YES;
				GCC_WARN_UNUSED_VARIABLE = YES;
				IPHONEOS_DEPLOYMENT_TARGET = 13.4;
				MTL_ENABLE_DEBUG_INFO = INCLUDE_SOURCE;
				MTL_FAST_MATH = YES;
				ONLY_ACTIVE_ARCH = YES;
				SDKROOT = iphoneos;
				SWIFT_ACTIVE_COMPILATION_CONDITIONS = DEBUG;
				SWIFT_OPTIMIZATION_LEVEL = "-Onone";
			};
			name = Debug;
		};
		C067B54E24621800007810B0 /* Release */ = {
			isa = XCBuildConfiguration;
			buildSettings = {
				ALWAYS_SEARCH_USER_PATHS = NO;
				CLANG_ANALYZER_NONNULL = YES;
				CLANG_ANALYZER_NUMBER_OBJECT_CONVERSION = YES_AGGRESSIVE;
				CLANG_CXX_LANGUAGE_STANDARD = "gnu++14";
				CLANG_CXX_LIBRARY = "libc++";
				CLANG_ENABLE_MODULES = YES;
				CLANG_ENABLE_OBJC_ARC = YES;
				CLANG_ENABLE_OBJC_WEAK = YES;
				CLANG_WARN_BLOCK_CAPTURE_AUTORELEASING = YES;
				CLANG_WARN_BOOL_CONVERSION = YES;
				CLANG_WARN_COMMA = YES;
				CLANG_WARN_CONSTANT_CONVERSION = YES;
				CLANG_WARN_DEPRECATED_OBJC_IMPLEMENTATIONS = YES;
				CLANG_WARN_DIRECT_OBJC_ISA_USAGE = YES_ERROR;
				CLANG_WARN_DOCUMENTATION_COMMENTS = YES;
				CLANG_WARN_EMPTY_BODY = YES;
				CLANG_WARN_ENUM_CONVERSION = YES;
				CLANG_WARN_INFINITE_RECURSION = YES;
				CLANG_WARN_INT_CONVERSION = YES;
				CLANG_WARN_NON_LITERAL_NULL_CONVERSION = YES;
				CLANG_WARN_OBJC_IMPLICIT_RETAIN_SELF = YES;
				CLANG_WARN_OBJC_LITERAL_CONVERSION = YES;
				CLANG_WARN_OBJC_ROOT_CLASS = YES_ERROR;
				CLANG_WARN_RANGE_LOOP_ANALYSIS = YES;
				CLANG_WARN_STRICT_PROTOTYPES = YES;
				CLANG_WARN_SUSPICIOUS_MOVE = YES;
				CLANG_WARN_UNGUARDED_AVAILABILITY = YES_AGGRESSIVE;
				CLANG_WARN_UNREACHABLE_CODE = YES;
				CLANG_WARN__DUPLICATE_METHOD_MATCH = YES;
				COPY_PHASE_STRIP = NO;
				DEBUG_INFORMATION_FORMAT = "dwarf-with-dsym";
				ENABLE_NS_ASSERTIONS = NO;
				ENABLE_STRICT_OBJC_MSGSEND = YES;
				GCC_C_LANGUAGE_STANDARD = gnu11;
				GCC_NO_COMMON_BLOCKS = YES;
				GCC_WARN_64_TO_32_BIT_CONVERSION = YES;
				GCC_WARN_ABOUT_RETURN_TYPE = YES_ERROR;
				GCC_WARN_UNDECLARED_SELECTOR = YES;
				GCC_WARN_UNINITIALIZED_AUTOS = YES_AGGRESSIVE;
				GCC_WARN_UNUSED_FUNCTION = YES;
				GCC_WARN_UNUSED_VARIABLE = YES;
				IPHONEOS_DEPLOYMENT_TARGET = 13.4;
				MTL_ENABLE_DEBUG_INFO = NO;
				MTL_FAST_MATH = YES;
				SDKROOT = iphoneos;
				SWIFT_COMPILATION_MODE = wholemodule;
				SWIFT_OPTIMIZATION_LEVEL = "-O";
				VALIDATE_PRODUCT = YES;
			};
			name = Release;
		};
		C067B55024621800007810B0 /* Debug */ = {
			isa = XCBuildConfiguration;
			buildSettings = {
				ASSETCATALOG_COMPILER_APPICON_NAME = AppIcon;
				CODE_SIGN_ENTITLEMENTS = "TouchID_FaceID/Supporting Files/TouchID_FaceID.entitlements";
				CODE_SIGN_STYLE = Automatic;
				DEVELOPMENT_ASSET_PATHS = "TouchID_FaceID/Resources/Assets/Preview\\ Content/Preview\\ Assets.xcassets";
				DEVELOPMENT_TEAM = 86F2YWC8GQ;
				ENABLE_PREVIEWS = YES;
				INFOPLIST_FILE = "$(SRCROOT)/TouchID_FaceID/Supporting Files/Info.plist";
				IPHONEOS_DEPLOYMENT_TARGET = 13.0;
				LD_RUNPATH_SEARCH_PATHS = (
					"$(inherited)",
					"@executable_path/Frameworks",
				);
				PRODUCT_BUNDLE_IDENTIFIER = "dev.TouchID-FaceID";
				PRODUCT_NAME = "$(TARGET_NAME)";
				SUPPORTS_MACCATALYST = YES;
				SWIFT_VERSION = 5.0;
				TARGETED_DEVICE_FAMILY = "1,2";
			};
			name = Debug;
		};
		C067B55124621800007810B0 /* Release */ = {
			isa = XCBuildConfiguration;
			buildSettings = {
				ASSETCATALOG_COMPILER_APPICON_NAME = AppIcon;
				CODE_SIGN_ENTITLEMENTS = "TouchID_FaceID/Supporting Files/TouchID_FaceID.entitlements";
				CODE_SIGN_STYLE = Automatic;
				DEVELOPMENT_ASSET_PATHS = "TouchID_FaceID/Resources/Assets/Preview\\ Content/Preview\\ Assets.xcassets";
				DEVELOPMENT_TEAM = 86F2YWC8GQ;
				ENABLE_PREVIEWS = YES;
				INFOPLIST_FILE = "$(SRCROOT)/TouchID_FaceID/Supporting Files/Info.plist";
				IPHONEOS_DEPLOYMENT_TARGET = 13.0;
				LD_RUNPATH_SEARCH_PATHS = (
					"$(inherited)",
					"@executable_path/Frameworks",
				);
				PRODUCT_BUNDLE_IDENTIFIER = "dev.TouchID-FaceID";
				PRODUCT_NAME = "$(TARGET_NAME)";
				SUPPORTS_MACCATALYST = YES;
				SWIFT_VERSION = 5.0;
				TARGETED_DEVICE_FAMILY = "1,2";
			};
			name = Release;
		};
/* End XCBuildConfiguration section */

/* Begin XCConfigurationList section */
		C067B536246217FE007810B0 /* Build configuration list for PBXProject "TouchID_FaceID" */ = {
			isa = XCConfigurationList;
			buildConfigurations = (
				C067B54D24621800007810B0 /* Debug */,
				C067B54E24621800007810B0 /* Release */,
			);
			defaultConfigurationIsVisible = 0;
			defaultConfigurationName = Release;
		};
		C067B54F24621800007810B0 /* Build configuration list for PBXNativeTarget "TouchID_FaceID" */ = {
			isa = XCConfigurationList;
			buildConfigurations = (
				C067B55024621800007810B0 /* Debug */,
				C067B55124621800007810B0 /* Release */,
			);
			defaultConfigurationIsVisible = 0;
			defaultConfigurationName = Release;
		};
/* End XCConfigurationList section */
	};
	rootObject = C067B533246217FE007810B0 /* Project object */;
}
